
Microsoft Visual Studio Solution File, Format Version 12.00
# Visual Studio Version 16
VisualStudioVersion = 16.0.30907.101
MinimumVisualStudioVersion = 10.0.40219.1
Project("{FAE04EC0-301F-11D3-BF4B-00C04F79EFBC}") = "ImageToASCII", "ImageToASCII.csproj", "{786BE0B1-256E-40DC-A8C1-258642CC2EE4}"
EndProject
Global
	GlobalSection(SolutionConfigurationPlatforms) = preSolution
		Debug|Any CPU = Debug|Any CPU
		Release|Any CPU = Release|Any CPU
	EndGlobalSection
	GlobalSection(ProjectConfigurationPlatforms) = postSolution
		{786BE0B1-256E-40DC-A8C1-258642CC2EE4}.Debug|Any CPU.ActiveCfg = Debug|Any CPU
		{786BE0B1-256E-40DC-A8C1-258642CC2EE4}.Debug|Any CPU.Build.0 = Debug|Any CPU
		{786BE0B1-256E-40DC-A8C1-258642CC2EE4}.Release|Any CPU.ActiveCfg = Release|Any CPU
		{786BE0B1-256E-40DC-A8C1-258642CC2EE4}.Release|Any CPU.Build.0 = Release|Any CPU
	EndGlobalSection
	GlobalSection(SolutionProperties) = preSolution
		HideSolutionNode = FALSE
	EndGlobalSection
	GlobalSection(ExtensibilityGlobals) = postSolution
		SolutionGuid = {10780E3C-B279-4DD5-91C9-B9F96FE1CFC3}
	EndGlobalSection
EndGlobal
